
Microsoft Visual Studio Solution File, Format Version 12.00
# Visual Studio Version 17
Project("{8BC9CEB8-8B4A-11D0-8D11-00A0C91BC942}") = "ALL_BUILD", "ALL_BUILD.vcxproj", "{1507F050-9457-3CA4-8A10-130FF004DBFA}"
	ProjectSection(ProjectDependencies) = postProject
		{33669330-66B6-3576-8DBD-981001945A4E} = {33669330-66B6-3576-8DBD-981001945A4E}
		{8B922C5A-776D-37B9-8B74-881D9B2DC37E} = {8B922C5A-776D-37B9-8B74-881D9B2DC37E}
		{1F1D4715-BD90-3B4C-AC00-87D340B59953} = {1F1D4715-BD90-3B4C-AC00-87D340B59953}
		{C2BA0C3F-7B79-3AC1-814D-ADCE51F3E3F7} = {C2BA0C3F-7B79-3AC1-814D-ADCE51F3E3F7}
	EndProjectSection
EndProject
Project("{8BC9CEB8-8B4A-11D0-8D11-00A0C91BC942}") = "INSTALL", "INSTALL.vcxproj", "{207014D9-F6F8-398D-812D-05D99CC2FFC2}"
	ProjectSection(ProjectDependencies) = postProject
		{1507F050-9457-3CA4-8A10-130FF004DBFA} = {1507F050-9457-3CA4-8A10-130FF004DBFA}
		{33669330-66B6-3576-8DBD-981001945A4E} = {33669330-66B6-3576-8DBD-981001945A4E}
	EndProjectSection
EndProject
Project("{8BC9CEB8-8B4A-11D0-8D11-00A0C91BC942}") = "UpdateAssimpLibsDebugSymbolsAndDLLs", "UpdateAssimpLibsDebugSymbolsAndDLLs.vcxproj", "{4D51C855-9252-3683-9706-8F0885054BC5}"
	ProjectSection(ProjectDependencies) = postProject
		{33669330-66B6-3576-8DBD-981001945A4E} = {33669330-66B6-3576-8DBD-981001945A4E}
	EndProjectSection
EndProject
Project("{8BC9CEB8-8B4A-11D0-8D11-00A0C91BC942}") = "ZERO_CHECK", "ZERO_CHECK.vcxproj", "{33669330-66B6-3576-8DBD-981001945A4E}"
	ProjectSection(ProjectDependencies) = postProject
	EndProjectSection
EndProject
Project("{8BC9CEB8-8B4A-11D0-8D11-00A0C91BC942}") = "assimp", "code\assimp.vcxproj", "{8B922C5A-776D-37B9-8B74-881D9B2DC37E}"
	ProjectSection(ProjectDependencies) = postProject
		{33669330-66B6-3576-8DBD-981001945A4E} = {33669330-66B6-3576-8DBD-981001945A4E}
		{C2BA0C3F-7B79-3AC1-814D-ADCE51F3E3F7} = {C2BA0C3F-7B79-3AC1-814D-ADCE51F3E3F7}
	EndProjectSection
EndProject
Project("{8BC9CEB8-8B4A-11D0-8D11-00A0C91BC942}") = "uninstall", "uninstall.vcxproj", "{ACA8CCF8-C500-385A-B139-A130917A5E90}"
	ProjectSection(ProjectDependencies) = postProject
		{33669330-66B6-3576-8DBD-981001945A4E} = {33669330-66B6-3576-8DBD-981001945A4E}
	EndProjectSection
EndProject
Project("{8BC9CEB8-8B4A-11D0-8D11-00A0C91BC942}") = "unit", "test\unit.vcxproj", "{1F1D4715-BD90-3B4C-AC00-87D340B59953}"
	ProjectSection(ProjectDependencies) = postProject
		{33669330-66B6-3576-8DBD-981001945A4E} = {33669330-66B6-3576-8DBD-981001945A4E}
		{8B922C5A-776D-37B9-8B74-881D9B2DC37E} = {8B922C5A-776D-37B9-8B74-881D9B2DC37E}
		{C2BA0C3F-7B79-3AC1-814D-ADCE51F3E3F7} = {C2BA0C3F-7B79-3AC1-814D-ADCE51F3E3F7}
	EndProjectSection
EndProject
Project("{8BC9CEB8-8B4A-11D0-8D11-00A0C91BC942}") = "zlibstatic", "contrib\zlib\zlibstatic.vcxproj", "{C2BA0C3F-7B79-3AC1-814D-ADCE51F3E3F7}"
	ProjectSection(ProjectDependencies) = postProject
		{33669330-66B6-3576-8DBD-981001945A4E} = {33669330-66B6-3576-8DBD-981001945A4E}
	EndProjectSection
EndProject
Global
	GlobalSection(SolutionConfigurationPlatforms) = preSolution
		Debug|x64 = Debug|x64
		Release|x64 = Release|x64
		MinSizeRel|x64 = MinSizeRel|x64
		RelWithDebInfo|x64 = RelWithDebInfo|x64
	EndGlobalSection
	GlobalSection(ProjectConfigurationPlatforms) = postSolution
		{1507F050-9457-3CA4-8A10-130FF004DBFA}.Debug|x64.ActiveCfg = Debug|x64
		{1507F050-9457-3CA4-8A10-130FF004DBFA}.Debug|x64.Build.0 = Debug|x64
		{1507F050-9457-3CA4-8A10-130FF004DBFA}.Release|x64.ActiveCfg = Release|x64
		{1507F050-9457-3CA4-8A10-130FF004DBFA}.Release|x64.Build.0 = Release|x64
		{1507F050-9457-3CA4-8A10-130FF004DBFA}.MinSizeRel|x64.ActiveCfg = MinSizeRel|x64
		{1507F050-9457-3CA4-8A10-130FF004DBFA}.MinSizeRel|x64.Build.0 = MinSizeRel|x64
		{1507F050-9457-3CA4-8A10-130FF004DBFA}.RelWithDebInfo|x64.ActiveCfg = RelWithDebInfo|x64
		{1507F050-9457-3CA4-8A10-130FF004DBFA}.RelWithDebInfo|x64.Build.0 = RelWithDebInfo|x64
		{207014D9-F6F8-398D-812D-05D99CC2FFC2}.Debug|x64.ActiveCfg = Debug|x64
		{207014D9-F6F8-398D-812D-05D99CC2FFC2}.Release|x64.ActiveCfg = Release|x64
		{207014D9-F6F8-398D-812D-05D99CC2FFC2}.MinSizeRel|x64.ActiveCfg = MinSizeRel|x64
		{207014D9-F6F8-398D-812D-05D99CC2FFC2}.RelWithDebInfo|x64.ActiveCfg = RelWithDebInfo|x64
		{4D51C855-9252-3683-9706-8F0885054BC5}.Debug|x64.ActiveCfg = Debug|x64
		{4D51C855-9252-3683-9706-8F0885054BC5}.Release|x64.ActiveCfg = Release|x64
		{4D51C855-9252-3683-9706-8F0885054BC5}.MinSizeRel|x64.ActiveCfg = MinSizeRel|x64
		{4D51C855-9252-3683-9706-8F0885054BC5}.RelWithDebInfo|x64.ActiveCfg = RelWithDebInfo|x64
		{33669330-66B6-3576-8DBD-981001945A4E}.Debug|x64.ActiveCfg = Debug|x64
		{33669330-66B6-3576-8DBD-981001945A4E}.Debug|x64.Build.0 = Debug|x64
		{33669330-66B6-3576-8DBD-981001945A4E}.Release|x64.ActiveCfg = Release|x64
		{33669330-66B6-3576-8DBD-981001945A4E}.Release|x64.Build.0 = Release|x64
		{33669330-66B6-3576-8DBD-981001945A4E}.MinSizeRel|x64.ActiveCfg = MinSizeRel|x64
		{33669330-66B6-3576-8DBD-981001945A4E}.MinSizeRel|x64.Build.0 = MinSizeRel|x64
		{33669330-66B6-3576-8DBD-981001945A4E}.RelWithDebInfo|x64.ActiveCfg = RelWithDebInfo|x64
		{33669330-66B6-3576-8DBD-981001945A4E}.RelWithDebInfo|x64.Build.0 = RelWithDebInfo|x64
		{8B922C5A-776D-37B9-8B74-881D9B2DC37E}.Debug|x64.ActiveCfg = Debug|x64
		{8B922C5A-776D-37B9-8B74-881D9B2DC37E}.Debug|x64.Build.0 = Debug|x64
		{8B922C5A-776D-37B9-8B74-881D9B2DC37E}.Release|x64.ActiveCfg = Release|x64
		{8B922C5A-776D-37B9-8B74-881D9B2DC37E}.Release|x64.Build.0 = Release|x64
		{8B922C5A-776D-37B9-8B74-881D9B2DC37E}.MinSizeRel|x64.ActiveCfg = MinSizeRel|x64
		{8B922C5A-776D-37B9-8B74-881D9B2DC37E}.MinSizeRel|x64.Build.0 = MinSizeRel|x64
		{8B922C5A-776D-37B9-8B74-881D9B2DC37E}.RelWithDebInfo|x64.ActiveCfg = RelWithDebInfo|x64
		{8B922C5A-776D-37B9-8B74-881D9B2DC37E}.RelWithDebInfo|x64.Build.0 = RelWithDebInfo|x64
		{ACA8CCF8-C500-385A-B139-A130917A5E90}.Debug|x64.ActiveCfg = Debug|x64
		{ACA8CCF8-C500-385A-B139-A130917A5E90}.Release|x64.ActiveCfg = Release|x64
		{ACA8CCF8-C500-385A-B139-A130917A5E90}.MinSizeRel|x64.ActiveCfg = MinSizeRel|x64
		{ACA8CCF8-C500-385A-B139-A130917A5E90}.RelWithDebInfo|x64.ActiveCfg = RelWithDebInfo|x64
		{1F1D4715-BD90-3B4C-AC00-87D340B59953}.Debug|x64.ActiveCfg = Debug|x64
		{1F1D4715-BD90-3B4C-AC00-87D340B59953}.Debug|x64.Build.0 = Debug|x64
		{1F1D4715-BD90-3B4C-AC00-87D340B59953}.Release|x64.ActiveCfg = Release|x64
		{1F1D4715-BD90-3B4C-AC00-87D340B59953}.Release|x64.Build.0 = Release|x64
		{1F1D4715-BD90-3B4C-AC00-87D340B59953}.MinSizeRel|x64.ActiveCfg = MinSizeRel|x64
		{1F1D4715-BD90-3B4C-AC00-87D340B59953}.MinSizeRel|x64.Build.0 = MinSizeRel|x64
		{1F1D4715-BD90-3B4C-AC00-87D340B59953}.RelWithDebInfo|x64.ActiveCfg = RelWithDebInfo|x64
		{1F1D4715-BD90-3B4C-AC00-87D340B59953}.RelWithDebInfo|x64.Build.0 = RelWithDebInfo|x64
		{C2BA0C3F-7B79-3AC1-814D-ADCE51F3E3F7}.Debug|x64.ActiveCfg = Debug|x64
		{C2BA0C3F-7B79-3AC1-814D-ADCE51F3E3F7}.Debug|x64.Build.0 = Debug|x64
		{C2BA0C3F-7B79-3AC1-814D-ADCE51F3E3F7}.Release|x64.ActiveCfg = Release|x64
		{C2BA0C3F-7B79-3AC1-814D-ADCE51F3E3F7}.Release|x64.Build.0 = Release|x64
		{C2BA0C3F-7B79-3AC1-814D-ADCE51F3E3F7}.MinSizeRel|x64.ActiveCfg = MinSizeRel|x64
		{C2BA0C3F-7B79-3AC1-814D-ADCE51F3E3F7}.MinSizeRel|x64.Build.0 = MinSizeRel|x64
		{C2BA0C3F-7B79-3AC1-814D-ADCE51F3E3F7}.RelWithDebInfo|x64.ActiveCfg = RelWithDebInfo|x64
		{C2BA0C3F-7B79-3AC1-814D-ADCE51F3E3F7}.RelWithDebInfo|x64.Build.0 = RelWithDebInfo|x64
	EndGlobalSection
	GlobalSection(ExtensibilityGlobals) = postSolution
		SolutionGuid = {EE3C472D-CC7A-3876-B2D7-91A39026E80F}
	EndGlobalSection
	GlobalSection(ExtensibilityAddIns) = postSolution
	EndGlobalSection
EndGlobal
