<?xml version="1.0" encoding="utf-8"?>
<Project ToolsVersion="17.0" xmlns="http://schemas.microsoft.com/developer/msbuild/2003">
  <ItemGroup>
    <CustomBuild Include="D:\seiryu\program\ComponentTest\test\CMakeFiles\13a04e10501544c54ad9bc2bc098528a\uninstall.rule">
      <Filter>CMake Rules</Filter>
    </CustomBuild>
    <CustomBuild Include="D:\seiryu\program\CMake\assimp-master\CMakeLists.txt" />
  </ItemGroup>
  <ItemGroup>
    <None Include="D:\seiryu\program\ComponentTest\test\CMakeFiles\uninstall" />
  </ItemGroup>
  <ItemGroup>
    <Filter Include="CMake Rules">
      <UniqueIdentifier>{070C87B5-DD2D-3E85-B059-962B1D0314DA}</UniqueIdentifier>
    </Filter>
  </ItemGroup>
</Project>
