<?xml version="1.0" encoding="utf-8"?>
<Project ToolsVersion="17.0" xmlns="http://schemas.microsoft.com/developer/msbuild/2003">
  <ItemGroup>
    <CustomBuild Include="D:\seiryu\program\ComponentTest\test\CMakeFiles\711d4b25b90c7ccf4b0aa487cbea9e65\INSTALL_force.rule">
      <Filter>CMake Rules</Filter>
    </CustomBuild>
  </ItemGroup>
  <ItemGroup>
    <Filter Include="CMake Rules">
      <UniqueIdentifier>{070C87B5-DD2D-3E85-B059-962B1D0314DA}</UniqueIdentifier>
    </Filter>
  </ItemGroup>
</Project>
