<?xml version="1.0" encoding="utf-8"?>
<Project ToolsVersion="17.0" xmlns="http://schemas.microsoft.com/developer/msbuild/2003">
  <ItemGroup>
    <CustomBuild Include="D:\seiryu\program\ComponentTest\Assimp_selfbuild\CMakeFiles\2ce1c82ba9a88a49dd897ee5d73a2472\generate.stamp.rule">
      <Filter>CMake Rules</Filter>
    </CustomBuild>
  </ItemGroup>
  <ItemGroup>
    <Filter Include="CMake Rules">
      <UniqueIdentifier>{A2FE390F-8B28-3650-BC7D-DBFF455A019A}</UniqueIdentifier>
    </Filter>
  </ItemGroup>
</Project>
