
Microsoft Visual Studio Solution File, Format Version 12.00
# Visual Studio Version 17
Project("{8BC9CEB8-8B4A-11D0-8D11-00A0C91BC942}") = "ALL_BUILD", "ALL_BUILD.vcxproj", "{90279E89-51B1-3CA9-9C8A-F5CF46C98976}"
	ProjectSection(ProjectDependencies) = postProject
		{84E782A6-E974-3A42-98AD-BB14F265B48E} = {84E782A6-E974-3A42-98AD-BB14F265B48E}
		{266E843E-3E81-32FD-8183-E09F2CEAFD5A} = {266E843E-3E81-32FD-8183-E09F2CEAFD5A}
	EndProjectSection
EndProject
Project("{8BC9CEB8-8B4A-11D0-8D11-00A0C91BC942}") = "INSTALL", "INSTALL.vcxproj", "{A6B1C853-1C96-316B-844D-C9D0B7570874}"
	ProjectSection(ProjectDependencies) = postProject
		{90279E89-51B1-3CA9-9C8A-F5CF46C98976} = {90279E89-51B1-3CA9-9C8A-F5CF46C98976}
		{84E782A6-E974-3A42-98AD-BB14F265B48E} = {84E782A6-E974-3A42-98AD-BB14F265B48E}
	EndProjectSection
EndProject
Project("{8BC9CEB8-8B4A-11D0-8D11-00A0C91BC942}") = "ZERO_CHECK", "..\..\\ZERO_CHECK.vcxproj", "{84E782A6-E974-3A42-98AD-BB14F265B48E}"
	ProjectSection(ProjectDependencies) = postProject
	EndProjectSection
EndProject
Project("{8BC9CEB8-8B4A-11D0-8D11-00A0C91BC942}") = "zlibstatic", "zlibstatic.vcxproj", "{266E843E-3E81-32FD-8183-E09F2CEAFD5A}"
	ProjectSection(ProjectDependencies) = postProject
		{84E782A6-E974-3A42-98AD-BB14F265B48E} = {84E782A6-E974-3A42-98AD-BB14F265B48E}
	EndProjectSection
EndProject
Global
	GlobalSection(SolutionConfigurationPlatforms) = preSolution
		Debug|x64 = Debug|x64
		Release|x64 = Release|x64
		MinSizeRel|x64 = MinSizeRel|x64
		RelWithDebInfo|x64 = RelWithDebInfo|x64
	EndGlobalSection
	GlobalSection(ProjectConfigurationPlatforms) = postSolution
		{90279E89-51B1-3CA9-9C8A-F5CF46C98976}.Debug|x64.ActiveCfg = Debug|x64
		{90279E89-51B1-3CA9-9C8A-F5CF46C98976}.Debug|x64.Build.0 = Debug|x64
		{90279E89-51B1-3CA9-9C8A-F5CF46C98976}.Release|x64.ActiveCfg = Release|x64
		{90279E89-51B1-3CA9-9C8A-F5CF46C98976}.Release|x64.Build.0 = Release|x64
		{90279E89-51B1-3CA9-9C8A-F5CF46C98976}.MinSizeRel|x64.ActiveCfg = MinSizeRel|x64
		{90279E89-51B1-3CA9-9C8A-F5CF46C98976}.MinSizeRel|x64.Build.0 = MinSizeRel|x64
		{90279E89-51B1-3CA9-9C8A-F5CF46C98976}.RelWithDebInfo|x64.ActiveCfg = RelWithDebInfo|x64
		{90279E89-51B1-3CA9-9C8A-F5CF46C98976}.RelWithDebInfo|x64.Build.0 = RelWithDebInfo|x64
		{A6B1C853-1C96-316B-844D-C9D0B7570874}.Debug|x64.ActiveCfg = Debug|x64
		{A6B1C853-1C96-316B-844D-C9D0B7570874}.Release|x64.ActiveCfg = Release|x64
		{A6B1C853-1C96-316B-844D-C9D0B7570874}.MinSizeRel|x64.ActiveCfg = MinSizeRel|x64
		{A6B1C853-1C96-316B-844D-C9D0B7570874}.RelWithDebInfo|x64.ActiveCfg = RelWithDebInfo|x64
		{84E782A6-E974-3A42-98AD-BB14F265B48E}.Debug|x64.ActiveCfg = Debug|x64
		{84E782A6-E974-3A42-98AD-BB14F265B48E}.Debug|x64.Build.0 = Debug|x64
		{84E782A6-E974-3A42-98AD-BB14F265B48E}.Release|x64.ActiveCfg = Release|x64
		{84E782A6-E974-3A42-98AD-BB14F265B48E}.Release|x64.Build.0 = Release|x64
		{84E782A6-E974-3A42-98AD-BB14F265B48E}.MinSizeRel|x64.ActiveCfg = MinSizeRel|x64
		{84E782A6-E974-3A42-98AD-BB14F265B48E}.MinSizeRel|x64.Build.0 = MinSizeRel|x64
		{84E782A6-E974-3A42-98AD-BB14F265B48E}.RelWithDebInfo|x64.ActiveCfg = RelWithDebInfo|x64
		{84E782A6-E974-3A42-98AD-BB14F265B48E}.RelWithDebInfo|x64.Build.0 = RelWithDebInfo|x64
		{266E843E-3E81-32FD-8183-E09F2CEAFD5A}.Debug|x64.ActiveCfg = Debug|x64
		{266E843E-3E81-32FD-8183-E09F2CEAFD5A}.Debug|x64.Build.0 = Debug|x64
		{266E843E-3E81-32FD-8183-E09F2CEAFD5A}.Release|x64.ActiveCfg = Release|x64
		{266E843E-3E81-32FD-8183-E09F2CEAFD5A}.Release|x64.Build.0 = Release|x64
		{266E843E-3E81-32FD-8183-E09F2CEAFD5A}.MinSizeRel|x64.ActiveCfg = MinSizeRel|x64
		{266E843E-3E81-32FD-8183-E09F2CEAFD5A}.MinSizeRel|x64.Build.0 = MinSizeRel|x64
		{266E843E-3E81-32FD-8183-E09F2CEAFD5A}.RelWithDebInfo|x64.ActiveCfg = RelWithDebInfo|x64
		{266E843E-3E81-32FD-8183-E09F2CEAFD5A}.RelWithDebInfo|x64.Build.0 = RelWithDebInfo|x64
	EndGlobalSection
	GlobalSection(ExtensibilityGlobals) = postSolution
		SolutionGuid = {A64C7396-9CF4-344C-B948-E085EDA9D1A5}
	EndGlobalSection
	GlobalSection(ExtensibilityAddIns) = postSolution
	EndGlobalSection
EndGlobal
